// !$*UTF8*$!
{
	archiveVersion = 1;
	classes = {
	};
	objectVersion = 55;
	objects = {

/* Begin PBXBuildFile section */
		7EB2C29027A6FB2D008E051D /* Tests_iOS.swift in Sources */ = {isa = PBXBuildFile; fileRef = 7EB2C28F27A6FB2D008E051D /* Tests_iOS.swift */; };
		7EB2C29227A6FB2D008E051D /* Tests_iOSLaunchTests.swift in Sources */ = {isa = PBXBuildFile; fileRef = 7EB2C29127A6FB2D008E051D /* Tests_iOSLaunchTests.swift */; };
		7EB2C29C27A6FB2D008E051D /* Tests_macOS.swift in Sources */ = {isa = PBXBuildFile; fileRef = 7EB2C29B27A6FB2D008E051D /* Tests_macOS.swift */; };
		7EB2C29E27A6FB2D008E051D /* Tests_macOSLaunchTests.swift in Sources */ = {isa = PBXBuildFile; fileRef = 7EB2C29D27A6FB2D008E051D /* Tests_macOSLaunchTests.swift */; };
		7EB2C29F27A6FB2D008E051D /* GithubTest.xcdatamodeld in Sources */ = {isa = PBXBuildFile; fileRef = 7EB2C27427A6FB2B008E051D /* GithubTest.xcdatamodeld */; };
		7EB2C2A027A6FB2D008E051D /* GithubTest.xcdatamodeld in Sources */ = {isa = PBXBuildFile; fileRef = 7EB2C27427A6FB2B008E051D /* GithubTest.xcdatamodeld */; };
		7EB2C2A127A6FB2D008E051D /* GithubTestApp.swift in Sources */ = {isa = PBXBuildFile; fileRef = 7EB2C27627A6FB2B008E051D /* GithubTestApp.swift */; };
		7EB2C2A227A6FB2D008E051D /* GithubTestApp.swift in Sources */ = {isa = PBXBuildFile; fileRef = 7EB2C27627A6FB2B008E051D /* GithubTestApp.swift */; };
		7EB2C2A327A6FB2D008E051D /* ContentView.swift in Sources */ = {isa = PBXBuildFile; fileRef = 7EB2C27727A6FB2B008E051D /* ContentView.swift */; };
		7EB2C2A427A6FB2D008E051D /* ContentView.swift in Sources */ = {isa = PBXBuildFile; fileRef = 7EB2C27727A6FB2B008E051D /* ContentView.swift */; };
		7EB2C2A527A6FB2D008E051D /* Persistence.swift in Sources */ = {isa = PBXBuildFile; fileRef = 7EB2C27827A6FB2B008E051D /* Persistence.swift */; };
		7EB2C2A627A6FB2D008E051D /* Persistence.swift in Sources */ = {isa = PBXBuildFile; fileRef = 7EB2C27827A6FB2B008E051D /* Persistence.swift */; };
		7EB2C2A727A6FB2D008E051D /* Assets.xcassets in Resources */ = {isa = PBXBuildFile; fileRef = 7EB2C27927A6FB2D008E051D /* Assets.xcassets */; };
		7EB2C2A827A6FB2D008E051D /* Assets.xcassets in Resources */ = {isa = PBXBuildFile; fileRef = 7EB2C27927A6FB2D008E051D /* Assets.xcassets */; };
/* End PBXBuildFile section */

/* Begin PBXContainerItemProxy section */
		7EB2C28C27A6FB2D008E051D /* PBXContainerItemProxy */ = {
			isa = PBXContainerItemProxy;
			containerPortal = 7EB2C26F27A6FB2A008E051D /* Project object */;
			proxyType = 1;
			remoteGlobalIDString = 7EB2C27D27A6FB2D008E051D;
			remoteInfo = "GithubTest (iOS)";
		};
		7EB2C29827A6FB2D008E051D /* PBXContainerItemProxy */ = {
			isa = PBXContainerItemProxy;
			containerPortal = 7EB2C26F27A6FB2A008E051D /* Project object */;
			proxyType = 1;
			remoteGlobalIDString = 7EB2C28327A6FB2D008E051D;
			remoteInfo = "GithubTest (macOS)";
		};
/* End PBXContainerItemProxy section */

/* Begin PBXFileReference section */
		7EB2C27527A6FB2B008E051D /* Shared.xcdatamodel */ = {isa = PBXFileReference; lastKnownFileType = wrapper.xcdatamodel; path = Shared.xcdatamodel; sourceTree = "<group>"; };
		7EB2C27627A6FB2B008E051D /* GithubTestApp.swift */ = {isa = PBXFileReference; lastKnownFileType = sourcecode.swift; path = GithubTestApp.swift; sourceTree = "<group>"; };
		7EB2C27727A6FB2B008E051D /* ContentView.swift */ = {isa = PBXFileReference; lastKnownFileType = sourcecode.swift; path = ContentView.swift; sourceTree = "<group>"; };
		7EB2C27827A6FB2B008E051D /* Persistence.swift */ = {isa = PBXFileReference; lastKnownFileType = sourcecode.swift; path = Persistence.swift; sourceTree = "<group>"; };
		7EB2C27927A6FB2D008E051D /* Assets.xcassets */ = {isa = PBXFileReference; lastKnownFileType = folder.assetcatalog; path = Assets.xcassets; sourceTree = "<group>"; };
		7EB2C27E27A6FB2D008E051D /* GithubTest.app */ = {isa = PBXFileReference; explicitFileType = wrapper.application; includeInIndex = 0; path = GithubTest.app; sourceTree = BUILT_PRODUCTS_DIR; };
		7EB2C28427A6FB2D008E051D /* GithubTest.app */ = {isa = PBXFileReference; explicitFileType = wrapper.application; includeInIndex = 0; path = GithubTest.app; sourceTree = BUILT_PRODUCTS_DIR; };
		7EB2C28627A6FB2D008E051D /* macOS.entitlements */ = {isa = PBXFileReference; lastKnownFileType = text.plist.entitlements; path = macOS.entitlements; sourceTree = "<group>"; };
		7EB2C28B27A6FB2D008E051D /* Tests iOS.xctest */ = {isa = PBXFileReference; explicitFileType = wrapper.cfbundle; includeInIndex = 0; path = "Tests iOS.xctest"; sourceTree = BUILT_PRODUCTS_DIR; };
		7EB2C28F27A6FB2D008E051D /* Tests_iOS.swift */ = {isa = PBXFileReference; lastKnownFileType = sourcecode.swift; path = Tests_iOS.swift; sourceTree = "<group>"; };
		7EB2C29127A6FB2D008E051D /* Tests_iOSLaunchTests.swift */ = {isa = PBXFileReference; lastKnownFileType = sourcecode.swift; path = Tests_iOSLaunchTests.swift; sourceTree = "<group>"; };
		7EB2C29727A6FB2D008E051D /* Tests macOS.xctest */ = {isa = PBXFileReference; explicitFileType = wrapper.cfbundle; includeInIndex = 0; path = "Tests macOS.xctest"; sourceTree = BUILT_PRODUCTS_DIR; };
		7EB2C29B27A6FB2D008E051D /* Tests_macOS.swift */ = {isa = PBXFileReference; lastKnownFileType = sourcecode.swift; path = Tests_macOS.swift; sourceTree = "<group>"; };
		7EB2C29D27A6FB2D008E051D /* Tests_macOSLaunchTests.swift */ = {isa = PBXFileReference; lastKnownFileType = sourcecode.swift; path = Tests_macOSLaunchTests.swift; sourceTree = "<group>"; };
/* End PBXFileReference section */

/* Begin PBXFrameworksBuildPhase section */
		7EB2C27B27A6FB2D008E051D /* Frameworks */ = {
			isa = PBXFrameworksBuildPhase;
			buildActionMask = 2147483647;
			files = (
			);
			runOnlyForDeploymentPostprocessing = 0;
		};
		7EB2C28127A6FB2D008E051D /* Frameworks */ = {
			isa = PBXFrameworksBuildPhase;
			buildActionMask = 2147483647;
			files = (
			);
			runOnlyForDeploymentPostprocessing = 0;
		};
		7EB2C28827A6FB2D008E051D /* Frameworks */ = {
			isa = PBXFrameworksBuildPhase;
			buildActionMask = 2147483647;
			files = (
			);
			runOnlyForDeploymentPostprocessing = 0;
		};
		7EB2C29427A6FB2D008E051D /* Frameworks */ = {
			isa = PBXFrameworksBuildPhase;
			buildActionMask = 2147483647;
			files = (
			);
			runOnlyForDeploymentPostprocessing = 0;
		};
/* End PBXFrameworksBuildPhase section */

/* Begin PBXGroup section */
		7EB2C26E27A6FB2A008E051D = {
			isa = PBXGroup;
			children = (
				7EB2C27327A6FB2B008E051D /* Shared */,
				7EB2C28527A6FB2D008E051D /* macOS */,
				7EB2C28E27A6FB2D008E051D /* Tests iOS */,
				7EB2C29A27A6FB2D008E051D /* Tests macOS */,
				7EB2C27F27A6FB2D008E051D /* Products */,
			);
			sourceTree = "<group>";
		};
		7EB2C27327A6FB2B008E051D /* Shared */ = {
			isa = PBXGroup;
			children = (
				7EB2C27627A6FB2B008E051D /* GithubTestApp.swift */,
				7EB2C27727A6FB2B008E051D /* ContentView.swift */,
				7EB2C27827A6FB2B008E051D /* Persistence.swift */,
				7EB2C27927A6FB2D008E051D /* Assets.xcassets */,
				7EB2C27427A6FB2B008E051D /* GithubTest.xcdatamodeld */,
			);
			path = Shared;
			sourceTree = "<group>";
		};
		7EB2C27F27A6FB2D008E051D /* Products */ = {
			isa = PBXGroup;
			children = (
				7EB2C27E27A6FB2D008E051D /* GithubTest.app */,
				7EB2C28427A6FB2D008E051D /* GithubTest.app */,
				7EB2C28B27A6FB2D008E051D /* Tests iOS.xctest */,
				7EB2C29727A6FB2D008E051D /* Tests macOS.xctest */,
			);
			name = Products;
			sourceTree = "<group>";
		};
		7EB2C28527A6FB2D008E051D /* macOS */ = {
			isa = PBXGroup;
			children = (
				7EB2C28627A6FB2D008E051D /* macOS.entitlements */,
			);
			path = macOS;
			sourceTree = "<group>";
		};
		7EB2C28E27A6FB2D008E051D /* Tests iOS */ = {
			isa = PBXGroup;
			children = (
				7EB2C28F27A6FB2D008E051D /* Tests_iOS.swift */,
				7EB2C29127A6FB2D008E051D /* Tests_iOSLaunchTests.swift */,
			);
			path = "Tests iOS";
			sourceTree = "<group>";
		};
		7EB2C29A27A6FB2D008E051D /* Tests macOS */ = {
			isa = PBXGroup;
			children = (
				7EB2C29B27A6FB2D008E051D /* Tests_macOS.swift */,
				7EB2C29D27A6FB2D008E051D /* Tests_macOSLaunchTests.swift */,
			);
			path = "Tests macOS";
			sourceTree = "<group>";
		};
/* End PBXGroup section */

/* Begin PBXNativeTarget section */
		7EB2C27D27A6FB2D008E051D /* GithubTest (iOS) */ = {
			isa = PBXNativeTarget;
			buildConfigurationList = 7EB2C2AB27A6FB2D008E051D /* Build configuration list for PBXNativeTarget "GithubTest (iOS)" */;
			buildPhases = (
				7EB2C27A27A6FB2D008E051D /* Sources */,
				7EB2C27B27A6FB2D008E051D /* Frameworks */,
				7EB2C27C27A6FB2D008E051D /* Resources */,
			);
			buildRules = (
			);
			dependencies = (
			);
			name = "GithubTest (iOS)";
			productName = "GithubTest (iOS)";
			productReference = 7EB2C27E27A6FB2D008E051D /* GithubTest.app */;
			productType = "com.apple.product-type.application";
		};
		7EB2C28327A6FB2D008E051D /* GithubTest (macOS) */ = {
			isa = PBXNativeTarget;
			buildConfigurationList = 7EB2C2AE27A6FB2D008E051D /* Build configuration list for PBXNativeTarget "GithubTest (macOS)" */;
			buildPhases = (
				7EB2C28027A6FB2D008E051D /* Sources */,
				7EB2C28127A6FB2D008E051D /* Frameworks */,
				7EB2C28227A6FB2D008E051D /* Resources */,
			);
			buildRules = (
			);
			dependencies = (
			);
			name = "GithubTest (macOS)";
			productName = "GithubTest (macOS)";
			productReference = 7EB2C28427A6FB2D008E051D /* GithubTest.app */;
			productType = "com.apple.product-type.application";
		};
		7EB2C28A27A6FB2D008E051D /* Tests iOS */ = {
			isa = PBXNativeTarget;
			buildConfigurationList = 7EB2C2B127A6FB2D008E051D /* Build configuration list for PBXNativeTarget "Tests iOS" */;
			buildPhases = (
				7EB2C28727A6FB2D008E051D /* Sources */,
				7EB2C28827A6FB2D008E051D /* Frameworks */,
				7EB2C28927A6FB2D008E051D /* Resources */,
			);
			buildRules = (
			);
			dependencies = (
				7EB2C28D27A6FB2D008E051D /* PBXTargetDependency */,
			);
			name = "Tests iOS";
			productName = "Tests iOS";
			productReference = 7EB2C28B27A6FB2D008E051D /* Tests iOS.xctest */;
			productType = "com.apple.product-type.bundle.ui-testing";
		};
		7EB2C29627A6FB2D008E051D /* Tests macOS */ = {
			isa = PBXNativeTarget;
			buildConfigurationList = 7EB2C2B427A6FB2D008E051D /* Build configuration list for PBXNativeTarget "Tests macOS" */;
			buildPhases = (
				7EB2C29327A6FB2D008E051D /* Sources */,
				7EB2C29427A6FB2D008E051D /* Frameworks */,
				7EB2C29527A6FB2D008E051D /* Resources */,
			);
			buildRules = (
			);
			dependencies = (
				7EB2C29927A6FB2D008E051D /* PBXTargetDependency */,
			);
			name = "Tests macOS";
			productName = "Tests macOS";
			productReference = 7EB2C29727A6FB2D008E051D /* Tests macOS.xctest */;
			productType = "com.apple.product-type.bundle.ui-testing";
		};
/* End PBXNativeTarget section */

/* Begin PBXProject section */
		7EB2C26F27A6FB2A008E051D /* Project object */ = {
			isa = PBXProject;
			attributes = {
				BuildIndependentTargetsInParallel = 1;
				LastSwiftUpdateCheck = 1320;
				LastUpgradeCheck = 1320;
				TargetAttributes = {
					7EB2C27D27A6FB2D008E051D = {
						CreatedOnToolsVersion = 13.2.1;
					};
					7EB2C28327A6FB2D008E051D = {
						CreatedOnToolsVersion = 13.2.1;
					};
					7EB2C28A27A6FB2D008E051D = {
						CreatedOnToolsVersion = 13.2.1;
						TestTargetID = 7EB2C27D27A6FB2D008E051D;
					};
					7EB2C29627A6FB2D008E051D = {
						CreatedOnToolsVersion = 13.2.1;
						TestTargetID = 7EB2C28327A6FB2D008E051D;
					};
				};
			};
			buildConfigurationList = 7EB2C27227A6FB2A008E051D /* Build configuration list for PBXProject "GithubTest" */;
			compatibilityVersion = "Xcode 13.0";
			developmentRegion = en;
			hasScannedForEncodings = 0;
			knownRegions = (
				en,
				Base,
			);
			mainGroup = 7EB2C26E27A6FB2A008E051D;
			productRefGroup = 7EB2C27F27A6FB2D008E051D /* Products */;
			projectDirPath = "";
			projectRoot = "";
			targets = (
				7EB2C27D27A6FB2D008E051D /* GithubTest (iOS) */,
				7EB2C28327A6FB2D008E051D /* GithubTest (macOS) */,
				7EB2C28A27A6FB2D008E051D /* Tests iOS */,
				7EB2C29627A6FB2D008E051D /* Tests macOS */,
			);
		};
/* End PBXProject section */

/* Begin PBXResourcesBuildPhase section */
		7EB2C27C27A6FB2D008E051D /* Resources */ = {
			isa = PBXResourcesBuildPhase;
			buildActionMask = 2147483647;
			files = (
				7EB2C2A727A6FB2D008E051D /* Assets.xcassets in Resources */,
			);
			runOnlyForDeploymentPostprocessing = 0;
		};
		7EB2C28227A6FB2D008E051D /* Resources */ = {
			isa = PBXResourcesBuildPhase;
			buildActionMask = 2147483647;
			files = (
				7EB2C2A827A6FB2D008E051D /* Assets.xcassets in Resources */,
			);
			runOnlyForDeploymentPostprocessing = 0;
		};
		7EB2C28927A6FB2D008E051D /* Resources */ = {
			isa = PBXResourcesBuildPhase;
			buildActionMask = 2147483647;
			files = (
			);
			runOnlyForDeploymentPostprocessing = 0;
		};
		7EB2C29527A6FB2D008E051D /* Resources */ = {
			isa = PBXResourcesBuildPhase;
			buildActionMask = 2147483647;
			files = (
			);
			runOnlyForDeploymentPostprocessing = 0;
		};
/* End PBXResourcesBuildPhase section */

/* Begin PBXSourcesBuildPhase section */
		7EB2C27A27A6FB2D008E051D /* Sources */ = {
			isa = PBXSourcesBuildPhase;
			buildActionMask = 2147483647;
			files = (
				7EB2C2A127A6FB2D008E051D /* GithubTestApp.swift in Sources */,
				7EB2C2A527A6FB2D008E051D /* Persistence.swift in Sources */,
				7EB2C29F27A6FB2D008E051D /* GithubTest.xcdatamodeld in Sources */,
				7EB2C2A327A6FB2D008E051D /* ContentView.swift in Sources */,
			);
			runOnlyForDeploymentPostprocessing = 0;
		};
		7EB2C28027A6FB2D008E051D /* Sources */ = {
			isa = PBXSourcesBuildPhase;
			buildActionMask = 2147483647;
			files = (
				7EB2C2A227A6FB2D008E051D /* GithubTestApp.swift in Sources */,
				7EB2C2A627A6FB2D008E051D /* Persistence.swift in Sources */,
				7EB2C2A027A6FB2D008E051D /* GithubTest.xcdatamodeld in Sources */,
				7EB2C2A427A6FB2D008E051D /* ContentView.swift in Sources */,
			);
			runOnlyForDeploymentPostprocessing = 0;
		};
		7EB2C28727A6FB2D008E051D /* Sources */ = {
			isa = PBXSourcesBuildPhase;
			buildActionMask = 2147483647;
			files = (
				7EB2C29227A6FB2D008E051D /* Tests_iOSLaunchTests.swift in Sources */,
				7EB2C29027A6FB2D008E051D /* Tests_iOS.swift in Sources */,
			);
			runOnlyForDeploymentPostprocessing = 0;
		};
		7EB2C29327A6FB2D008E051D /* Sources */ = {
			isa = PBXSourcesBuildPhase;
			buildActionMask = 2147483647;
			files = (
				7EB2C29E27A6FB2D008E051D /* Tests_macOSLaunchTests.swift in Sources */,
				7EB2C29C27A6FB2D008E051D /* Tests_macOS.swift in Sources */,
			);
			runOnlyForDeploymentPostprocessing = 0;
		};
/* End PBXSourcesBuildPhase section */

/* Begin PBXTargetDependency section */
		7EB2C28D27A6FB2D008E051D /* PBXTargetDependency */ = {
			isa = PBXTargetDependency;
			target = 7EB2C27D27A6FB2D008E051D /* GithubTest (iOS) */;
			targetProxy = 7EB2C28C27A6FB2D008E051D /* PBXContainerItemProxy */;
		};
		7EB2C29927A6FB2D008E051D /* PBXTargetDependency */ = {
			isa = PBXTargetDependency;
			target = 7EB2C28327A6FB2D008E051D /* GithubTest (macOS) */;
			targetProxy = 7EB2C29827A6FB2D008E051D /* PBXContainerItemProxy */;
		};
/* End PBXTargetDependency section */

/* Begin XCBuildConfiguration section */
		7EB2C2A927A6FB2D008E051D /* Debug */ = {
			isa = XCBuildConfiguration;
			buildSettings = {
				ALWAYS_SEARCH_USER_PATHS = NO;
				CLANG_ANALYZER_NONNULL = YES;
				CLANG_ANALYZER_NUMBER_OBJECT_CONVERSION = YES_AGGRESSIVE;
				CLANG_CXX_LANGUAGE_STANDARD = "gnu++17";
				CLANG_CXX_LIBRARY = "libc++";
				CLANG_ENABLE_MODULES = YES;
				CLANG_ENABLE_OBJC_ARC = YES;
				CLANG_ENABLE_OBJC_WEAK = YES;
				CLANG_WARN_BLOCK_CAPTURE_AUTORELEASING = YES;
				CLANG_WARN_BOOL_CONVERSION = YES;
				CLANG_WARN_COMMA = YES;
				CLANG_WARN_CONSTANT_CONVERSION = YES;
				CLANG_WARN_DEPRECATED_OBJC_IMPLEMENTATIONS = YES;
				CLANG_WARN_DIRECT_OBJC_ISA_USAGE = YES_ERROR;
				CLANG_WARN_DOCUMENTATION_COMMENTS = YES;
				CLANG_WARN_EMPTY_BODY = YES;
				CLANG_WARN_ENUM_CONVERSION = YES;
				CLANG_WARN_INFINITE_RECURSION = YES;
				CLANG_WARN_INT_CONVERSION = YES;
				CLANG_WARN_NON_LITERAL_NULL_CONVERSION = YES;
				CLANG_WARN_OBJC_IMPLICIT_RETAIN_SELF = YES;
				CLANG_WARN_OBJC_LITERAL_CONVERSION = YES;
				CLANG_WARN_OBJC_ROOT_CLASS = YES_ERROR;
				CLANG_WARN_QUOTED_INCLUDE_IN_FRAMEWORK_HEADER = YES;
				CLANG_WARN_RANGE_LOOP_ANALYSIS = YES;
				CLANG_WARN_STRICT_PROTOTYPES = YES;
				CLANG_WARN_SUSPICIOUS_MOVE = YES;
				CLANG_WARN_UNGUARDED_AVAILABILITY = YES_AGGRESSIVE;
				CLANG_WARN_UNREACHABLE_CODE = YES;
				CLANG_WARN__DUPLICATE_METHOD_MATCH = YES;
				COPY_PHASE_STRIP = NO;
				DEBUG_INFORMATION_FORMAT = dwarf;
				ENABLE_STRICT_OBJC_MSGSEND = YES;
				ENABLE_TESTABILITY = YES;
				GCC_C_LANGUAGE_STANDARD = gnu11;
				GCC_DYNAMIC_NO_PIC = NO;
				GCC_NO_COMMON_BLOCKS = YES;
				GCC_OPTIMIZATION_LEVEL = 0;
				GCC_PREPROCESSOR_DEFINITIONS = (
					"DEBUG=1",
					"$(inherited)",
				);
				GCC_WARN_64_TO_32_BIT_CONVERSION = YES;
				GCC_WARN_ABOUT_RETURN_TYPE = YES_ERROR;
				GCC_WARN_UNDECLARED_SELECTOR = YES;
				GCC_WARN_UNINITIALIZED_AUTOS = YES_AGGRESSIVE;
				GCC_WARN_UNUSED_FUNCTION = YES;
				GCC_WARN_UNUSED_VARIABLE = YES;
				MTL_ENABLE_DEBUG_INFO = INCLUDE_SOURCE;
				MTL_FAST_MATH = YES;
				ONLY_ACTIVE_ARCH = YES;
				SWIFT_ACTIVE_COMPILATION_CONDITIONS = DEBUG;
				SWIFT_OPTIMIZATION_LEVEL = "-Onone";
			};
			name = Debug;
		};
		7EB2C2AA27A6FB2D008E051D /* Release */ = {
			isa = XCBuildConfiguration;
			buildSettings = {
				ALWAYS_SEARCH_USER_PATHS = NO;
				CLANG_ANALYZER_NONNULL = YES;
				CLANG_ANALYZER_NUMBER_OBJECT_CONVERSION = YES_AGGRESSIVE;
				CLANG_CXX_LANGUAGE_STANDARD = "gnu++17";
				CLANG_CXX_LIBRARY = "libc++";
				CLANG_ENABLE_MODULES = YES;
				CLANG_ENABLE_OBJC_ARC = YES;
				CLANG_ENABLE_OBJC_WEAK = YES;
				CLANG_WARN_BLOCK_CAPTURE_AUTORELEASING = YES;
				CLANG_WARN_BOOL_CONVERSION = YES;
				CLANG_WARN_COMMA = YES;
				CLANG_WARN_CONSTANT_CONVERSION = YES;
				CLANG_WARN_DEPRECATED_OBJC_IMPLEMENTATIONS = YES;
				CLANG_WARN_DIRECT_OBJC_ISA_USAGE = YES_ERROR;
				CLANG_WARN_DOCUMENTATION_COMMENTS = YES;
				CLANG_WARN_EMPTY_BODY = YES;
				CLANG_WARN_ENUM_CONVERSION = YES;
				CLANG_WARN_INFINITE_RECURSION = YES;
				CLANG_WARN_INT_CONVERSION = YES;
				CLANG_WARN_NON_LITERAL_NULL_CONVERSION = YES;
				CLANG_WARN_OBJC_IMPLICIT_RETAIN_SELF = YES;
				CLANG_WARN_OBJC_LITERAL_CONVERSION = YES;
				CLANG_WARN_OBJC_ROOT_CLASS = YES_ERROR;
				CLANG_WARN_QUOTED_INCLUDE_IN_FRAMEWORK_HEADER = YES;
				CLANG_WARN_RANGE_LOOP_ANALYSIS = YES;
				CLANG_WARN_STRICT_PROTOTYPES = YES;
				CLANG_WARN_SUSPICIOUS_MOVE = YES;
				CLANG_WARN_UNGUARDED_AVAILABILITY = YES_AGGRESSIVE;
				CLANG_WARN_UNREACHABLE_CODE = YES;
				CLANG_WARN__DUPLICATE_METHOD_MATCH = YES;
				COPY_PHASE_STRIP = NO;
				DEBUG_INFORMATION_FORMAT = "dwarf-with-dsym";
				ENABLE_NS_ASSERTIONS = NO;
				ENABLE_STRICT_OBJC_MSGSEND = YES;
				GCC_C_LANGUAGE_STANDARD = gnu11;
				GCC_NO_COMMON_BLOCKS = YES;
				GCC_WARN_64_TO_32_BIT_CONVERSION = YES;
				GCC_WARN_ABOUT_RETURN_TYPE = YES_ERROR;
				GCC_WARN_UNDECLARED_SELECTOR = YES;
				GCC_WARN_UNINITIALIZED_AUTOS = YES_AGGRESSIVE;
				GCC_WARN_UNUSED_FUNCTION = YES;
				GCC_WARN_UNUSED_VARIABLE = YES;
				MTL_ENABLE_DEBUG_INFO = NO;
				MTL_FAST_MATH = YES;
				SWIFT_COMPILATION_MODE = wholemodule;
				SWIFT_OPTIMIZATION_LEVEL = "-O";
			};
			name = Release;
		};
		7EB2C2AC27A6FB2D008E051D /* Debug */ = {
			isa = XCBuildConfiguration;
			buildSettings = {
				ASSETCATALOG_COMPILER_APPICON_NAME = AppIcon;
				ASSETCATALOG_COMPILER_GLOBAL_ACCENT_COLOR_NAME = AccentColor;
				CODE_SIGN_STYLE = Automatic;
				CURRENT_PROJECT_VERSION = 1;
				ENABLE_PREVIEWS = YES;
				GENERATE_INFOPLIST_FILE = YES;
				INFOPLIST_KEY_UIApplicationSceneManifest_Generation = YES;
				INFOPLIST_KEY_UIApplicationSupportsIndirectInputEvents = YES;
				INFOPLIST_KEY_UILaunchScreen_Generation = YES;
				INFOPLIST_KEY_UISupportedInterfaceOrientations_iPad = "UIInterfaceOrientationPortrait UIInterfaceOrientationPortraitUpsideDown UIInterfaceOrientationLandscapeLeft UIInterfaceOrientationLandscapeRight";
				INFOPLIST_KEY_UISupportedInterfaceOrientations_iPhone = "UIInterfaceOrientationPortrait UIInterfaceOrientationLandscapeLeft UIInterfaceOrientationLandscapeRight";
				IPHONEOS_DEPLOYMENT_TARGET = 15.2;
				LD_RUNPATH_SEARCH_PATHS = (
					"$(inherited)",
					"@executable_path/Frameworks",
				);
				MARKETING_VERSION = 1.0;
				PRODUCT_BUNDLE_IDENTIFIER = com.Sadeer.GithubTest;
				PRODUCT_NAME = GithubTest;
				SDKROOT = iphoneos;
				SWIFT_EMIT_LOC_STRINGS = YES;
				SWIFT_VERSION = 5.0;
				TARGETED_DEVICE_FAMILY = "1,2";
			};
			name = Debug;
		};
		7EB2C2AD27A6FB2D008E051D /* Release */ = {
			isa = XCBuildConfiguration;
			buildSettings = {
				ASSETCATALOG_COMPILER_APPICON_NAME = AppIcon;
				ASSETCATALOG_COMPILER_GLOBAL_ACCENT_COLOR_NAME = AccentColor;
				CODE_SIGN_STYLE = Automatic;
				CURRENT_PROJECT_VERSION = 1;
				ENABLE_PREVIEWS = YES;
				GENERATE_INFOPLIST_FILE = YES;
				INFOPLIST_KEY_UIApplicationSceneManifest_Generation = YES;
				INFOPLIST_KEY_UIApplicationSupportsIndirectInputEvents = YES;
				INFOPLIST_KEY_UILaunchScreen_Generation = YES;
				INFOPLIST_KEY_UISupportedInterfaceOrientations_iPad = "UIInterfaceOrientationPortrait UIInterfaceOrientationPortraitUpsideDown UIInterfaceOrientationLandscapeLeft UIInterfaceOrientationLandscapeRight";
				INFOPLIST_KEY_UISupportedInterfaceOrientations_iPhone = "UIInterfaceOrientationPortrait UIInterfaceOrientationLandscapeLeft UIInterfaceOrientationLandscapeRight";
				IPHONEOS_DEPLOYMENT_TARGET = 15.2;
				LD_RUNPATH_SEARCH_PATHS = (
					"$(inherited)",
					"@executable_path/Frameworks",
				);
				MARKETING_VERSION = 1.0;
				PRODUCT_BUNDLE_IDENTIFIER = com.Sadeer.GithubTest;
				PRODUCT_NAME = GithubTest;
				SDKROOT = iphoneos;
				SWIFT_EMIT_LOC_STRINGS = YES;
				SWIFT_VERSION = 5.0;
				TARGETED_DEVICE_FAMILY = "1,2";
				VALIDATE_PRODUCT = YES;
			};
			name = Release;
		};
		7EB2C2AF27A6FB2D008E051D /* Debug */ = {
			isa = XCBuildConfiguration;
			buildSettings = {
				ASSETCATALOG_COMPILER_APPICON_NAME = AppIcon;
				ASSETCATALOG_COMPILER_GLOBAL_ACCENT_COLOR_NAME = AccentColor;
				CODE_SIGN_ENTITLEMENTS = macOS/macOS.entitlements;
				CODE_SIGN_STYLE = Automatic;
				COMBINE_HIDPI_IMAGES = YES;
				CURRENT_PROJECT_VERSION = 1;
				ENABLE_PREVIEWS = YES;
				GENERATE_INFOPLIST_FILE = YES;
				INFOPLIST_KEY_NSHumanReadableCopyright = "";
				LD_RUNPATH_SEARCH_PATHS = (
					"$(inherited)",
					"@executable_path/../Frameworks",
				);
				MACOSX_DEPLOYMENT_TARGET = 11.6;
				MARKETING_VERSION = 1.0;
				PRODUCT_BUNDLE_IDENTIFIER = com.Sadeer.GithubTest;
				PRODUCT_NAME = GithubTest;
				SDKROOT = macosx;
				SWIFT_EMIT_LOC_STRINGS = YES;
				SWIFT_VERSION = 5.0;
			};
			name = Debug;
		};
		7EB2C2B027A6FB2D008E051D /* Release */ = {
			isa = XCBuildConfiguration;
			buildSettings = {
				ASSETCATALOG_COMPILER_APPICON_NAME = AppIcon;
				ASSETCATALOG_COMPILER_GLOBAL_ACCENT_COLOR_NAME = AccentColor;
				CODE_SIGN_ENTITLEMENTS = macOS/macOS.entitlements;
				CODE_SIGN_STYLE = Automatic;
				COMBINE_HIDPI_IMAGES = YES;
				CURRENT_PROJECT_VERSION = 1;
				ENABLE_PREVIEWS = YES;
				GENERATE_INFOPLIST_FILE = YES;
				INFOPLIST_KEY_NSHumanReadableCopyright = "";
				LD_RUNPATH_SEARCH_PATHS = (
					"$(inherited)",
					"@executable_path/../Frameworks",
				);
				MACOSX_DEPLOYMENT_TARGET = 11.6;
				MARKETING_VERSION = 1.0;
				PRODUCT_BUNDLE_IDENTIFIER = com.Sadeer.GithubTest;
				PRODUCT_NAME = GithubTest;
				SDKROOT = macosx;
				SWIFT_EMIT_LOC_STRINGS = YES;
				SWIFT_VERSION = 5.0;
			};
			name = Release;
		};
		7EB2C2B227A6FB2D008E051D /* Debug */ = {
			isa = XCBuildConfiguration;
			buildSettings = {
				ALWAYS_EMBED_SWIFT_STANDARD_LIBRARIES = YES;
				CODE_SIGN_STYLE = Automatic;
				CURRENT_PROJECT_VERSION = 1;
				GENERATE_INFOPLIST_FILE = YES;
				IPHONEOS_DEPLOYMENT_TARGET = 15.2;
				MARKETING_VERSION = 1.0;
				PRODUCT_BUNDLE_IDENTIFIER = "com.Sadeer.Tests-iOS";
				PRODUCT_NAME = "$(TARGET_NAME)";
				SDKROOT = iphoneos;
				SWIFT_EMIT_LOC_STRINGS = NO;
				SWIFT_VERSION = 5.0;
				TARGETED_DEVICE_FAMILY = "1,2";
				TEST_TARGET_NAME = "GithubTest (iOS)";
			};
			name = Debug;
		};
		7EB2C2B327A6FB2D008E051D /* Release */ = {
			isa = XCBuildConfiguration;
			buildSettings = {
				ALWAYS_EMBED_SWIFT_STANDARD_LIBRARIES = YES;
				CODE_SIGN_STYLE = Automatic;
				CURRENT_PROJECT_VERSION = 1;
				GENERATE_INFOPLIST_FILE = YES;
				IPHONEOS_DEPLOYMENT_TARGET = 15.2;
				MARKETING_VERSION = 1.0;
				PRODUCT_BUNDLE_IDENTIFIER = "com.Sadeer.Tests-iOS";
				PRODUCT_NAME = "$(TARGET_NAME)";
				SDKROOT = iphoneos;
				SWIFT_EMIT_LOC_STRINGS = NO;
				SWIFT_VERSION = 5.0;
				TARGETED_DEVICE_FAMILY = "1,2";
				TEST_TARGET_NAME = "GithubTest (iOS)";
				VALIDATE_PRODUCT = YES;
			};
			name = Release;
		};
		7EB2C2B527A6FB2D008E051D /* Debug */ = {
			isa = XCBuildConfiguration;
			buildSettings = {
				ALWAYS_EMBED_SWIFT_STANDARD_LIBRARIES = YES;
				CODE_SIGN_STYLE = Automatic;
				CURRENT_PROJECT_VERSION = 1;
				GENERATE_INFOPLIST_FILE = YES;
				MACOSX_DEPLOYMENT_TARGET = 11.6;
				MARKETING_VERSION = 1.0;
				PRODUCT_BUNDLE_IDENTIFIER = "com.Sadeer.Tests-macOS";
				PRODUCT_NAME = "$(TARGET_NAME)";
				SDKROOT = macosx;
				SWIFT_EMIT_LOC_STRINGS = NO;
				SWIFT_VERSION = 5.0;
				TEST_TARGET_NAME = "GithubTest (macOS)";
			};
			name = Debug;
		};
		7EB2C2B627A6FB2D008E051D /* Release */ = {
			isa = XCBuildConfiguration;
			buildSettings = {
				ALWAYS_EMBED_SWIFT_STANDARD_LIBRARIES = YES;
				CODE_SIGN_STYLE = Automatic;
				CURRENT_PROJECT_VERSION = 1;
				GENERATE_INFOPLIST_FILE = YES;
				MACOSX_DEPLOYMENT_TARGET = 11.6;
				MARKETING_VERSION = 1.0;
				PRODUCT_BUNDLE_IDENTIFIER = "com.Sadeer.Tests-macOS";
				PRODUCT_NAME = "$(TARGET_NAME)";
				SDKROOT = macosx;
				SWIFT_EMIT_LOC_STRINGS = NO;
				SWIFT_VERSION = 5.0;
				TEST_TARGET_NAME = "GithubTest (macOS)";
			};
			name = Release;
		};
/* End XCBuildConfiguration section */

/* Begin XCConfigurationList section */
		7EB2C27227A6FB2A008E051D /* Build configuration list for PBXProject "GithubTest" */ = {
			isa = XCConfigurationList;
			buildConfigurations = (
				7EB2C2A927A6FB2D008E051D /* Debug */,
				7EB2C2AA27A6FB2D008E051D /* Release */,
			);
			defaultConfigurationIsVisible = 0;
			defaultConfigurationName = Release;
		};
		7EB2C2AB27A6FB2D008E051D /* Build configuration list for PBXNativeTarget "GithubTest (iOS)" */ = {
			isa = XCConfigurationList;
			buildConfigurations = (
				7EB2C2AC27A6FB2D008E051D /* Debug */,
				7EB2C2AD27A6FB2D008E051D /* Release */,
			);
			defaultConfigurationIsVisible = 0;
			defaultConfigurationName = Release;
		};
		7EB2C2AE27A6FB2D008E051D /* Build configuration list for PBXNativeTarget "GithubTest (macOS)" */ = {
			isa = XCConfigurationList;
			buildConfigurations = (
				7EB2C2AF27A6FB2D008E051D /* Debug */,
				7EB2C2B027A6FB2D008E051D /* Release */,
			);
			defaultConfigurationIsVisible = 0;
			defaultConfigurationName = Release;
		};
		7EB2C2B127A6FB2D008E051D /* Build configuration list for PBXNativeTarget "Tests iOS" */ = {
			isa = XCConfigurationList;
			buildConfigurations = (
				7EB2C2B227A6FB2D008E051D /* Debug */,
				7EB2C2B327A6FB2D008E051D /* Release */,
			);
			defaultConfigurationIsVisible = 0;
			defaultConfigurationName = Release;
		};
		7EB2C2B427A6FB2D008E051D /* Build configuration list for PBXNativeTarget "Tests macOS" */ = {
			isa = XCConfigurationList;
			buildConfigurations = (
				7EB2C2B527A6FB2D008E051D /* Debug */,
				7EB2C2B627A6FB2D008E051D /* Release */,
			);
			defaultConfigurationIsVisible = 0;
			defaultConfigurationName = Release;
		};
/* End XCConfigurationList section */

/* Begin XCVersionGroup section */
		7EB2C27427A6FB2B008E051D /* GithubTest.xcdatamodeld */ = {
			isa = XCVersionGroup;
			children = (
				7EB2C27527A6FB2B008E051D /* Shared.xcdatamodel */,
			);
			currentVersion = 7EB2C27527A6FB2B008E051D /* Shared.xcdatamodel */;
			path = GithubTest.xcdatamodeld;
			sourceTree = "<group>";
			versionGroupType = wrapper.xcdatamodel;
		};
/* End XCVersionGroup section */
	};
	rootObject = 7EB2C26F27A6FB2A008E051D /* Project object */;
}
